
Microsoft Visual Studio Solution File, Format Version 12.00
# Visual Studio Version 16
VisualStudioVersion = 16.0.30330.147
MinimumVisualStudioVersion = 10.0.40219.1
Project("{FAE04EC0-301F-11D3-BF4B-00C04F79EFBC}") = "TUP_PI_Parcial2_Vinos", "TUP_PI_Parcial2_Vinos.csproj", "{4409BFA4-914A-430D-A410-0BD997E2C4F4}"
EndProject
Global
	GlobalSection(SolutionConfigurationPlatforms) = preSolution
		Debug|Any CPU = Debug|Any CPU
		Release|Any CPU = Release|Any CPU
	EndGlobalSection
	GlobalSection(ProjectConfigurationPlatforms) = postSolution
		{4409BFA4-914A-430D-A410-0BD997E2C4F4}.Debug|Any CPU.ActiveCfg = Debug|Any CPU
		{4409BFA4-914A-430D-A410-0BD997E2C4F4}.Debug|Any CPU.Build.0 = Debug|Any CPU
		{4409BFA4-914A-430D-A410-0BD997E2C4F4}.Release|Any CPU.ActiveCfg = Release|Any CPU
		{4409BFA4-914A-430D-A410-0BD997E2C4F4}.Release|Any CPU.Build.0 = Release|Any CPU
	EndGlobalSection
	GlobalSection(SolutionProperties) = preSolution
		HideSolutionNode = FALSE
	EndGlobalSection
	GlobalSection(ExtensibilityGlobals) = postSolution
		SolutionGuid = {E54970D2-06FE-470F-8623-04F51FB55BC0}
	EndGlobalSection
EndGlobal
